// !$*UTF8*$!
{
	archiveVersion = 1;
	classes = {
	};
	objectVersion = 46;
	objects = {

/* Begin PBXBuildFile section */
		F6B79E841F62337E00BA1303 /* AppDelegate.swift in Sources */ = {isa = PBXBuildFile; fileRef = F6B79E831F62337E00BA1303 /* AppDelegate.swift */; };
		F6B79E861F62337E00BA1303 /* ViewController.swift in Sources */ = {isa = PBXBuildFile; fileRef = F6B79E851F62337E00BA1303 /* ViewController.swift */; };
		F6B79E891F62337E00BA1303 /* Main.storyboard in Resources */ = {isa = PBXBuildFile; fileRef = F6B79E871F62337E00BA1303 /* Main.storyboard */; };
		F6B79E8B1F62337E00BA1303 /* Assets.xcassets in Resources */ = {isa = PBXBuildFile; fileRef = F6B79E8A1F62337E00BA1303 /* Assets.xcassets */; };
		F6B79E8E1F62337E00BA1303 /* LaunchScreen.storyboard in Resources */ = {isa = PBXBuildFile; fileRef = F6B79E8C1F62337E00BA1303 /* LaunchScreen.storyboard */; };
		F6B79E971F62347800BA1303 /* BaseNetworkRequest.swift in Sources */ = {isa = PBXBuildFile; fileRef = F6B79E961F62347800BA1303 /* BaseNetworkRequest.swift */; };
/* End PBXBuildFile section */

/* Begin PBXFileReference section */
		F6B79E801F62337E00BA1303 /* YTKNetwork-Swift.app */ = {isa = PBXFileReference; explicitFileType = wrapper.application; includeInIndex = 0; path = "YTKNetwork-Swift.app"; sourceTree = BUILT_PRODUCTS_DIR; };
		F6B79E831F62337E00BA1303 /* AppDelegate.swift */ = {isa = PBXFileReference; lastKnownFileType = sourcecode.swift; path = AppDelegate.swift; sourceTree = "<group>"; };
		F6B79E851F62337E00BA1303 /* ViewController.swift */ = {isa = PBXFileReference; lastKnownFileType = sourcecode.swift; path = ViewController.swift; sourceTree = "<group>"; };
		F6B79E881F62337E00BA1303 /* Base */ = {isa = PBXFileReference; lastKnownFileType = file.storyboard; name = Base; path = Base.lproj/Main.storyboard; sourceTree = "<group>"; };
		F6B79E8A1F62337E00BA1303 /* Assets.xcassets */ = {isa = PBXFileReference; lastKnownFileType = folder.assetcatalog; path = Assets.xcassets; sourceTree = "<group>"; };
		F6B79E8D1F62337E00BA1303 /* Base */ = {isa = PBXFileReference; lastKnownFileType = file.storyboard; name = Base; path = Base.lproj/LaunchScreen.storyboard; sourceTree = "<group>"; };
		F6B79E8F1F62337E00BA1303 /* Info.plist */ = {isa = PBXFileReference; lastKnownFileType = text.plist.xml; path = Info.plist; sourceTree = "<group>"; };
		F6B79E961F62347800BA1303 /* BaseNetworkRequest.swift */ = {isa = PBXFileReference; fileEncoding = 4; lastKnownFileType = sourcecode.swift; path = BaseNetworkRequest.swift; sourceTree = "<group>"; };
/* End PBXFileReference section */

/* Begin PBXFrameworksBuildPhase section */
		F6B79E7D1F62337E00BA1303 /* Frameworks */ = {
			isa = PBXFrameworksBuildPhase;
			buildActionMask = 2147483647;
			files = (
			);
			runOnlyForDeploymentPostprocessing = 0;
		};
/* End PBXFrameworksBuildPhase section */

/* Begin PBXGroup section */
		F6B79E771F62337E00BA1303 = {
			isa = PBXGroup;
			children = (
				F6B79E821F62337E00BA1303 /* YTKNetwork-Swift */,
				F6B79E811F62337E00BA1303 /* Products */,
			);
			sourceTree = "<group>";
		};
		F6B79E811F62337E00BA1303 /* Products */ = {
			isa = PBXGroup;
			children = (
				F6B79E801F62337E00BA1303 /* YTKNetwork-Swift.app */,
			);
			name = Products;
			sourceTree = "<group>";
		};
		F6B79E821F62337E00BA1303 /* YTKNetwork-Swift */ = {
			isa = PBXGroup;
			children = (
				F6B79E951F62340E00BA1303 /* src */,
				F6B79E831F62337E00BA1303 /* AppDelegate.swift */,
				F6B79E851F62337E00BA1303 /* ViewController.swift */,
				F6B79E871F62337E00BA1303 /* Main.storyboard */,
				F6B79E8A1F62337E00BA1303 /* Assets.xcassets */,
				F6B79E8C1F62337E00BA1303 /* LaunchScreen.storyboard */,
				F6B79E8F1F62337E00BA1303 /* Info.plist */,
			);
			path = "YTKNetwork-Swift";
			sourceTree = "<group>";
		};
		F6B79E951F62340E00BA1303 /* src */ = {
			isa = PBXGroup;
			children = (
				F6B79E961F62347800BA1303 /* BaseNetworkRequest.swift */,
			);
			path = src;
			sourceTree = "<group>";
		};
/* End PBXGroup section */

/* Begin PBXNativeTarget section */
		F6B79E7F1F62337E00BA1303 /* YTKNetwork-Swift */ = {
			isa = PBXNativeTarget;
			buildConfigurationList = F6B79E921F62337E00BA1303 /* Build configuration list for PBXNativeTarget "YTKNetwork-Swift" */;
			buildPhases = (
				F6B79E7C1F62337E00BA1303 /* Sources */,
				F6B79E7D1F62337E00BA1303 /* Frameworks */,
				F6B79E7E1F62337E00BA1303 /* Resources */,
			);
			buildRules = (
			);
			dependencies = (
			);
			name = "YTKNetwork-Swift";
			productName = "YTKNetwork-Swift";
			productReference = F6B79E801F62337E00BA1303 /* YTKNetwork-Swift.app */;
			productType = "com.apple.product-type.application";
		};
/* End PBXNativeTarget section */

/* Begin PBXProject section */
		F6B79E781F62337E00BA1303 /* Project object */ = {
			isa = PBXProject;
			attributes = {
				LastSwiftUpdateCheck = 0820;
				LastUpgradeCheck = 0820;
				ORGANIZATIONNAME = liuhongnian;
				TargetAttributes = {
					F6B79E7F1F62337E00BA1303 = {
						CreatedOnToolsVersion = 8.2.1;
						DevelopmentTeam = 6C2R3R9CB5;
						ProvisioningStyle = Manual;
					};
				};
			};
			buildConfigurationList = F6B79E7B1F62337E00BA1303 /* Build configuration list for PBXProject "YTKNetwork-Swift" */;
			compatibilityVersion = "Xcode 3.2";
			developmentRegion = English;
			hasScannedForEncodings = 0;
			knownRegions = (
				en,
				Base,
			);
			mainGroup = F6B79E771F62337E00BA1303;
			productRefGroup = F6B79E811F62337E00BA1303 /* Products */;
			projectDirPath = "";
			projectRoot = "";
			targets = (
				F6B79E7F1F62337E00BA1303 /* YTKNetwork-Swift */,
			);
		};
/* End PBXProject section */

/* Begin PBXResourcesBuildPhase section */
		F6B79E7E1F62337E00BA1303 /* Resources */ = {
			isa = PBXResourcesBuildPhase;
			buildActionMask = 2147483647;
			files = (
				F6B79E8E1F62337E00BA1303 /* LaunchScreen.storyboard in Resources */,
				F6B79E8B1F62337E00BA1303 /* Assets.xcassets in Resources */,
				F6B79E891F62337E00BA1303 /* Main.storyboard in Resources */,
			);
			runOnlyForDeploymentPostprocessing = 0;
		};
/* End PBXResourcesBuildPhase section */

/* Begin PBXSourcesBuildPhase section */
		F6B79E7C1F62337E00BA1303 /* Sources */ = {
			isa = PBXSourcesBuildPhase;
			buildActionMask = 2147483647;
			files = (
				F6B79E861F62337E00BA1303 /* ViewController.swift in Sources */,
				F6B79E971F62347800BA1303 /* BaseNetworkRequest.swift in Sources */,
				F6B79E841F62337E00BA1303 /* AppDelegate.swift in Sources */,
			);
			runOnlyForDeploymentPostprocessing = 0;
		};
/* End PBXSourcesBuildPhase section */

/* Begin PBXVariantGroup section */
		F6B79E871F62337E00BA1303 /* Main.storyboard */ = {
			isa = PBXVariantGroup;
			children = (
				F6B79E881F62337E00BA1303 /* Base */,
			);
			name = Main.storyboard;
			sourceTree = "<group>";
		};
		F6B79E8C1F62337E00BA1303 /* LaunchScreen.storyboard */ = {
			isa = PBXVariantGroup;
			children = (
				F6B79E8D1F62337E00BA1303 /* Base */,
			);
			name = LaunchScreen.storyboard;
			sourceTree = "<group>";
		};
/* End PBXVariantGroup section */

/* Begin XCBuildConfiguration section */
		F6B79E901F62337E00BA1303 /* Debug */ = {
			isa = XCBuildConfiguration;
			buildSettings = {
				ALWAYS_SEARCH_USER_PATHS = NO;
				CLANG_ANALYZER_NONNULL = YES;
				CLANG_CXX_LANGUAGE_STANDARD = "gnu++0x";
				CLANG_CXX_LIBRARY = "libc++";
				CLANG_ENABLE_MODULES = YES;
				CLANG_ENABLE_OBJC_ARC = YES;
				CLANG_WARN_BOOL_CONVERSION = YES;
				CLANG_WARN_CONSTANT_CONVERSION = YES;
				CLANG_WARN_DIRECT_OBJC_ISA_USAGE = YES_ERROR;
				CLANG_WARN_DOCUMENTATION_COMMENTS = YES;
				CLANG_WARN_EMPTY_BODY = YES;
				CLANG_WARN_ENUM_CONVERSION = YES;
				CLANG_WARN_INFINITE_RECURSION = YES;
				CLANG_WARN_INT_CONVERSION = YES;
				CLANG_WARN_OBJC_ROOT_CLASS = YES_ERROR;
				CLANG_WARN_SUSPICIOUS_MOVE = YES;
				CLANG_WARN_UNREACHABLE_CODE = YES;
				CLANG_WARN__DUPLICATE_METHOD_MATCH = YES;
				"CODE_SIGN_IDENTITY[sdk=iphoneos*]" = "iPhone Developer";
				COPY_PHASE_STRIP = NO;
				DEBUG_INFORMATION_FORMAT = dwarf;
				ENABLE_STRICT_OBJC_MSGSEND = YES;
				ENABLE_TESTABILITY = YES;
				GCC_C_LANGUAGE_STANDARD = gnu99;
				GCC_DYNAMIC_NO_PIC = NO;
				GCC_NO_COMMON_BLOCKS = YES;
				GCC_OPTIMIZATION_LEVEL = 0;
				GCC_PREPROCESSOR_DEFINITIONS = (
					"DEBUG=1",
					"$(inherited)",
				);
				GCC_WARN_64_TO_32_BIT_CONVERSION = YES;
				GCC_WARN_ABOUT_RETURN_TYPE = YES_ERROR;
				GCC_WARN_UNDECLARED_SELECTOR = YES;
				GCC_WARN_UNINITIALIZED_AUTOS = YES_AGGRESSIVE;
				GCC_WARN_UNUSED_FUNCTION = YES;
				GCC_WARN_UNUSED_VARIABLE = YES;
				IPHONEOS_DEPLOYMENT_TARGET = 10.2;
				MTL_ENABLE_DEBUG_INFO = YES;
				ONLY_ACTIVE_ARCH = YES;
				SDKROOT = iphoneos;
				SWIFT_ACTIVE_COMPILATION_CONDITIONS = DEBUG;
				SWIFT_OPTIMIZATION_LEVEL = "-Onone";
			};
			name = Debug;
		};
		F6B79E911F62337E00BA1303 /* Release */ = {
			isa = XCBuildConfiguration;
			buildSettings = {
				ALWAYS_SEARCH_USER_PATHS = NO;
				CLANG_ANALYZER_NONNULL = YES;
				CLANG_CXX_LANGUAGE_STANDARD = "gnu++0x";
				CLANG_CXX_LIBRARY = "libc++";
				CLANG_ENABLE_MODULES = YES;
				CLANG_ENABLE_OBJC_ARC = YES;
				CLANG_WARN_BOOL_CONVERSION = YES;
				CLANG_WARN_CONSTANT_CONVERSION = YES;
				CLANG_WARN_DIRECT_OBJC_ISA_USAGE = YES_ERROR;
				CLANG_WARN_DOCUMENTATION_COMMENTS = YES;
				CLANG_WARN_EMPTY_BODY = YES;
				CLANG_WARN_ENUM_CONVERSION = YES;
				CLANG_WARN_INFINITE_RECURSION = YES;
				CLANG_WARN_INT_CONVERSION = YES;
				CLANG_WARN_OBJC_ROOT_CLASS = YES_ERROR;
				CLANG_WARN_SUSPICIOUS_MOVE = YES;
				CLANG_WARN_UNREACHABLE_CODE = YES;
				CLANG_WARN__DUPLICATE_METHOD_MATCH = YES;
				"CODE_SIGN_IDENTITY[sdk=iphoneos*]" = "iPhone Developer";
				COPY_PHASE_STRIP = NO;
				DEBUG_INFORMATION_FORMAT = "dwarf-with-dsym";
				ENABLE_NS_ASSERTIONS = NO;
				ENABLE_STRICT_OBJC_MSGSEND = YES;
				GCC_C_LANGUAGE_STANDARD = gnu99;
				GCC_NO_COMMON_BLOCKS = YES;
				GCC_WARN_64_TO_32_BIT_CONVERSION = YES;
				GCC_WARN_ABOUT_RETURN_TYPE = YES_ERROR;
				GCC_WARN_UNDECLARED_SELECTOR = YES;
				GCC_WARN_UNINITIALIZED_AUTOS = YES_AGGRESSIVE;
				GCC_WARN_UNUSED_FUNCTION = YES;
				GCC_WARN_UNUSED_VARIABLE = YES;
				IPHONEOS_DEPLOYMENT_TARGET = 10.2;
				MTL_ENABLE_DEBUG_INFO = NO;
				SDKROOT = iphoneos;
				SWIFT_OPTIMIZATION_LEVEL = "-Owholemodule";
				VALIDATE_PRODUCT = YES;
			};
			name = Release;
		};
		F6B79E931F62337E00BA1303 /* Debug */ = {
			isa = XCBuildConfiguration;
			buildSettings = {
				ASSETCATALOG_COMPILER_APPICON_NAME = AppIcon;
				DEVELOPMENT_TEAM = 6C2R3R9CB5;
				INFOPLIST_FILE = "YTKNetwork-Swift/Info.plist";
				IPHONEOS_DEPLOYMENT_TARGET = 9.0;
				LD_RUNPATH_SEARCH_PATHS = "$(inherited) @executable_path/Frameworks";
				PRODUCT_BUNDLE_IDENTIFIER = "com.aixcoder.YTKNetwork-Swift";
				PRODUCT_NAME = "$(TARGET_NAME)";
				PROVISIONING_PROFILE = "5e49ef55-2140-4a10-929a-0834af8f13a5";
				PROVISIONING_PROFILE_SPECIFIER = "***";
				SWIFT_VERSION = 3.0;
			};
			name = Debug;
		};
		F6B79E941F62337E00BA1303 /* Release */ = {
			isa = XCBuildConfiguration;
			buildSettings = {
				ASSETCATALOG_COMPILER_APPICON_NAME = AppIcon;
				DEVELOPMENT_TEAM = "";
				INFOPLIST_FILE = "YTKNetwork-Swift/Info.plist";
				IPHONEOS_DEPLOYMENT_TARGET = 9.0;
				LD_RUNPATH_SEARCH_PATHS = "$(inherited) @executable_path/Frameworks";
				PRODUCT_BUNDLE_IDENTIFIER = "com.aixcoder.YTKNetwork-Swift";
				PRODUCT_NAME = "$(TARGET_NAME)";
				SWIFT_VERSION = 3.0;
			};
			name = Release;
		};
/* End XCBuildConfiguration section */

/* Begin XCConfigurationList section */
		F6B79E7B1F62337E00BA1303 /* Build configuration list for PBXProject "YTKNetwork-Swift" */ = {
			isa = XCConfigurationList;
			buildConfigurations = (
				F6B79E901F62337E00BA1303 /* Debug */,
				F6B79E911F62337E00BA1303 /* Release */,
			);
			defaultConfigurationIsVisible = 0;
			defaultConfigurationName = Release;
		};
		F6B79E921F62337E00BA1303 /* Build configuration list for PBXNativeTarget "YTKNetwork-Swift" */ = {
			isa = XCConfigurationList;
			buildConfigurations = (
				F6B79E931F62337E00BA1303 /* Debug */,
				F6B79E941F62337E00BA1303 /* Release */,
			);
			defaultConfigurationIsVisible = 0;
		};
/* End XCConfigurationList section */
	};
	rootObject = F6B79E781F62337E00BA1303 /* Project object */;
}
